<?xml version="1.0" encoding="utf-8"?>
<Project ToolsVersion="4.0" xmlns="http://schemas.microsoft.com/developer/msbuild/2003">
  <ItemGroup>
    <ClCompile Include="Camera.cpp" />
    <ClCompile Include="GameTimer.cpp" />
    <ClCompile Include="Keyboard.cpp" />
    <ClCompile Include="Matrix4.cpp" />
    <ClCompile Include="Mesh.cpp" />
    <ClCompile Include="Mouse.cpp" />
    <ClCompile Include="OGLRenderer.cpp" />
    <ClCompile Include="Quaternion.cpp" />
    <ClCompile Include="Shader.cpp" />
    <ClCompile Include="Window.cpp" />
    <ClCompile Include="SceneNode.cpp" />
    <ClCompile Include="MD5Anim.cpp" />
    <ClCompile Include="MD5Mesh.cpp" />
    <ClCompile Include="OBJMesh.cpp" />
    <ClCompile Include="Plane.cpp" />
    <ClCompile Include="Frustum.cpp" />
    <ClCompile Include="HeightMap.cpp" />
    <ClCompile Include="Light.cpp" />
    <ClCompile Include="TextMesh.cpp" />
    <ClCompile Include="Scene.cpp" />
  </ItemGroup>
  <ItemGroup>
    <ClInclude Include="Camera.h" />
    <ClInclude Include="common.h" />
    <ClInclude Include="GameTimer.h" />
    <ClInclude Include="InputDevice.h" />
    <ClInclude Include="Keyboard.h" />
    <ClInclude Include="Matrix4.h" />
    <ClInclude Include="Mesh.h" />
    <ClInclude Include="Mouse.h" />
    <ClInclude Include="OGLRenderer.h" />
    <ClInclude Include="Quaternion.h" />
    <ClInclude Include="Shader.h" />
    <ClInclude Include="Vector2.h" />
    <ClInclude Include="Vector3.h" />
    <ClInclude Include="Vector4.h" />
    <ClInclude Include="Window.h" />
    <ClInclude Include="SceneNode.h" />
    <ClInclude Include="MD5Anim.h" />
    <ClInclude Include="MD5Mesh.h" />
    <ClInclude Include="OBJMesh.h" />
    <ClInclude Include="ChildMeshInterface.h" />
    <ClInclude Include="Plane.h" />
    <ClInclude Include="Frustum.h" />
    <ClInclude Include="HeightMap.h" />
    <ClInclude Include="Light.h" />
    <ClInclude Include="TextMesh.h" />
    <ClInclude Include="Scene.h" />
  </ItemGroup>
</Project>